
Microsoft Visual Studio Solution File, Format Version 12.00
# Visual Studio 15
VisualStudioVersion = 15.0.26730.16
MinimumVisualStudioVersion = 10.0.40219.1
Project("{FAE04EC0-301F-11D3-BF4B-00C04F79EFBC}") = "EF.BulkInsert.Cascade", "CascadeBulkInsert\EF.BulkInsert.Cascade.csproj", "{555355A8-8AD2-4B0B-9F31-6966E0E79037}"
EndProject
Project("{FAE04EC0-301F-11D3-BF4B-00C04F79EFBC}") = "EF.BulkInsert.CascadeTests", "CascadeBulkInsert.Tests\EF.BulkInsert.CascadeTests.csproj", "{AD8F025C-8968-4B1A-97AD-29950905A3A2}"
EndProject
Global
	GlobalSection(SolutionConfigurationPlatforms) = preSolution
		Debug|Any CPU = Debug|Any CPU
		Release|Any CPU = Release|Any CPU
	EndGlobalSection
	GlobalSection(ProjectConfigurationPlatforms) = postSolution
		{555355A8-8AD2-4B0B-9F31-6966E0E79037}.Debug|Any CPU.ActiveCfg = Debug|Any CPU
		{555355A8-8AD2-4B0B-9F31-6966E0E79037}.Debug|Any CPU.Build.0 = Debug|Any CPU
		{555355A8-8AD2-4B0B-9F31-6966E0E79037}.Release|Any CPU.ActiveCfg = Release|Any CPU
		{555355A8-8AD2-4B0B-9F31-6966E0E79037}.Release|Any CPU.Build.0 = Release|Any CPU
		{AD8F025C-8968-4B1A-97AD-29950905A3A2}.Debug|Any CPU.ActiveCfg = Debug|Any CPU
		{AD8F025C-8968-4B1A-97AD-29950905A3A2}.Debug|Any CPU.Build.0 = Debug|Any CPU
		{AD8F025C-8968-4B1A-97AD-29950905A3A2}.Release|Any CPU.ActiveCfg = Release|Any CPU
		{AD8F025C-8968-4B1A-97AD-29950905A3A2}.Release|Any CPU.Build.0 = Release|Any CPU
	EndGlobalSection
	GlobalSection(SolutionProperties) = preSolution
		HideSolutionNode = FALSE
	EndGlobalSection
	GlobalSection(ExtensibilityGlobals) = postSolution
		SolutionGuid = {6DC1841B-861B-43A4-AB00-53A66254B63B}
	EndGlobalSection
EndGlobal
